
Microsoft Visual Studio Solution File, Format Version 12.00
# Visual Studio Version 16
VisualStudioVersion = 16.0.31129.286
MinimumVisualStudioVersion = 10.0.40219.1
Project("{9A19103F-16F7-4668-BE54-9A1E7A4F7556}") = "Ponger", "Ponger\Ponger.csproj", "{47F1A166-E9D9-4FEB-877E-8C836953304B}"
EndProject
Global
	GlobalSection(SolutionConfigurationPlatforms) = preSolution
		Debug|Any CPU = Debug|Any CPU
		Release|Any CPU = Release|Any CPU
	EndGlobalSection
	GlobalSection(ProjectConfigurationPlatforms) = postSolution
		{47F1A166-E9D9-4FEB-877E-8C836953304B}.Debug|Any CPU.ActiveCfg = Debug|Any CPU
		{47F1A166-E9D9-4FEB-877E-8C836953304B}.Debug|Any CPU.Build.0 = Debug|Any CPU
		{47F1A166-E9D9-4FEB-877E-8C836953304B}.Release|Any CPU.ActiveCfg = Release|Any CPU
		{47F1A166-E9D9-4FEB-877E-8C836953304B}.Release|Any CPU.Build.0 = Release|Any CPU
	EndGlobalSection
	GlobalSection(SolutionProperties) = preSolution
		HideSolutionNode = FALSE
	EndGlobalSection
	GlobalSection(ExtensibilityGlobals) = postSolution
		SolutionGuid = {EA4EC93F-C52A-425C-853B-7CEE68F1BF10}
	EndGlobalSection
EndGlobal
